
Microsoft Visual Studio Solution File, Format Version 12.00
# Visual Studio Version 17
VisualStudioVersion = 17.8.34330.188
MinimumVisualStudioVersion = 10.0.40219.1
Project("{FAE04EC0-301F-11D3-BF4B-00C04F79EFBC}") = "TimesheetApp", "TimesheetApp.csproj", "{E2A63DCC-E61B-4B04-9E06-701686A1FDC9}"
EndProject
Global
	GlobalSection(SolutionConfigurationPlatforms) = preSolution
		Debug|Any CPU = Debug|Any CPU
		Release|Any CPU = Release|Any CPU
	EndGlobalSection
	GlobalSection(ProjectConfigurationPlatforms) = postSolution
		{E2A63DCC-E61B-4B04-9E06-701686A1FDC9}.Debug|Any CPU.ActiveCfg = Debug|Any CPU
		{E2A63DCC-E61B-4B04-9E06-701686A1FDC9}.Debug|Any CPU.Build.0 = Debug|Any CPU
		{E2A63DCC-E61B-4B04-9E06-701686A1FDC9}.Release|Any CPU.ActiveCfg = Release|Any CPU
		{E2A63DCC-E61B-4B04-9E06-701686A1FDC9}.Release|Any CPU.Build.0 = Release|Any CPU
	EndGlobalSection
	GlobalSection(SolutionProperties) = preSolution
		HideSolutionNode = FALSE
	EndGlobalSection
	GlobalSection(ExtensibilityGlobals) = postSolution
		SolutionGuid = {13627993-3BB9-406D-A7D4-540B4A7834D8}
	EndGlobalSection
EndGlobal
